
Microsoft Visual Studio Solution File, Format Version 12.00
# Visual Studio Version 16
VisualStudioVersion = 16.0.32929.386
MinimumVisualStudioVersion = 10.0.40219.1
Project("{FAE04EC0-301F-11D3-BF4B-00C04F79EFBC}") = "AdvancedWebDevelopment", "AdvancedWebDevelopment.csproj", "{2B4BAB1E-4F8C-4AB1-9D9E-21CA34195226}"
EndProject
Global
	GlobalSection(SolutionConfigurationPlatforms) = preSolution
		Debug|Any CPU = Debug|Any CPU
		Release|Any CPU = Release|Any CPU
	EndGlobalSection
	GlobalSection(ProjectConfigurationPlatforms) = postSolution
		{2B4BAB1E-4F8C-4AB1-9D9E-21CA34195226}.Debug|Any CPU.ActiveCfg = Debug|Any CPU
		{2B4BAB1E-4F8C-4AB1-9D9E-21CA34195226}.Debug|Any CPU.Build.0 = Debug|Any CPU
		{2B4BAB1E-4F8C-4AB1-9D9E-21CA34195226}.Release|Any CPU.ActiveCfg = Release|Any CPU
		{2B4BAB1E-4F8C-4AB1-9D9E-21CA34195226}.Release|Any CPU.Build.0 = Release|Any CPU
	EndGlobalSection
	GlobalSection(SolutionProperties) = preSolution
		HideSolutionNode = FALSE
	EndGlobalSection
	GlobalSection(ExtensibilityGlobals) = postSolution
		SolutionGuid = {1C6B5A7B-6EFF-4E75-955C-CE30BEA64C3C}
	EndGlobalSection
EndGlobal
